PODS:
  - AFNetworking (2.1.0):
    - AFNetworking/NSURLConnection
    - AFNetworking/NSURLSession
    - AFNetworking/Reachability
    - AFNetworking/Security
    - AFNetworking/Serialization
    - AFNetworking/UIKit
  - AFNetworking/NSURLConnection (2.1.0):
    - AFNetworking/Reachability
    - AFNetworking/Security
    - AFNetworking/Serialization
  - AFNetworking/NSURLSession (2.1.0):
    - AFNetworking/NSURLConnection
  - AFNetworking/Reachability (2.1.0)
  - AFNetworking/Security (2.1.0)
  - AFNetworking/Serialization (2.1.0)
  - AFNetworking/UIKit (2.1.0):
    - AFNetworking/NSURLConnection
  - CocoaLumberjack (1.8.1):
    - CocoaLumberjack/Extensions
  - CocoaLumberjack/Core (1.8.1)
  - CocoaLumberjack/Extensions (1.8.1):
    - CocoaLumberjack/Core
  - DMTestSettings (0.3.1)
  - iOS7Colors (2.1.0)
  - JMStaticContentTableViewController (0.1.1)
  - KeepLayout (1.2.2)
  - TDMScreenEdgePanGestureRecognizer (0.0.1)
  - TDMZoomCollectionViewController (0.0.1)

DEPENDENCIES:
  - AFNetworking
  - CocoaLumberjack
  - DMTestSettings (from `https://github.com/duemunk/DMTestSettings.git`)
  - iOS7Colors
  - JMStaticContentTableViewController (from `https://github.com/duemunk/JMStaticContentTableViewController.git`)
  - KeepLayout (from `https://github.com/duemunk/KeepLayout.git`)
  - TDMScreenEdgePanGestureRecognizer (from `https://github.com/duemunk/TDMScreenEdgePanGestureRecognizer.git`)
  - TDMZoomCollectionViewController (from `https://tobiasdm@bitbucket.org/tobiasdm/tdmzoomcollectionviewcontroller.git`)

EXTERNAL SOURCES:
  DMTestSettings:
    :git: https://github.com/duemunk/DMTestSettings.git
  JMStaticContentTableViewController:
    :git: https://github.com/duemunk/JMStaticContentTableViewController.git
  KeepLayout:
    :git: https://github.com/duemunk/KeepLayout.git
  TDMScreenEdgePanGestureRecognizer:
    :git: https://github.com/duemunk/TDMScreenEdgePanGestureRecognizer.git
  TDMZoomCollectionViewController:
    :git: https://tobiasdm@bitbucket.org/tobiasdm/tdmzoomcollectionviewcontroller.git

SPEC CHECKSUMS:
  AFNetworking: c7d7901a83f631414c7eda1737261f696101a5cd
  CocoaLumberjack: 020378ec400d658923bf5887178394f65f052c90
  DMTestSettings: cc5c7e755e1e7312ed25da2b64aeb92710046f3f
  iOS7Colors: bde8733c6cb28db1065875dcff38667090f58779
  JMStaticContentTableViewController: 6149a7eed4ea06075757dcffff49a93396e2e235
  KeepLayout: 0f80364b513a2a4a6183ffe3740706bf861dec16
  TDMScreenEdgePanGestureRecognizer: ab6e566026b24974a582ca9259eef01775234ce3
  TDMZoomCollectionViewController: df168832711b58f5a03738db93ab59be4a8fa352

COCOAPODS: 0.29.0
